// !$*UTF8*$!
{
	archiveVersion = 1;
	classes = {
	};
	objectVersion = 46;
	objects = {

/* Begin PBXBuildFile section */
		63255FEF1ED3F56D008695CE /* AppDelegate.swift in Sources */ = {isa = PBXBuildFile; fileRef = 63255FEE1ED3F56D008695CE /* AppDelegate.swift */; };
		63255FF21ED3F56D008695CE /* TuneSearch.xcdatamodeld in Sources */ = {isa = PBXBuildFile; fileRef = 63255FF01ED3F56D008695CE /* TuneSearch.xcdatamodeld */; };
		63255FF41ED3F56D008695CE /* MasterViewController.swift in Sources */ = {isa = PBXBuildFile; fileRef = 63255FF31ED3F56D008695CE /* MasterViewController.swift */; };
		63255FF61ED3F56D008695CE /* DetailViewController.swift in Sources */ = {isa = PBXBuildFile; fileRef = 63255FF51ED3F56D008695CE /* DetailViewController.swift */; };
		63255FF91ED3F56D008695CE /* Main.storyboard in Resources */ = {isa = PBXBuildFile; fileRef = 63255FF71ED3F56D008695CE /* Main.storyboard */; };
		63255FFB1ED3F56D008695CE /* Assets.xcassets in Resources */ = {isa = PBXBuildFile; fileRef = 63255FFA1ED3F56D008695CE /* Assets.xcassets */; };
		63255FFE1ED3F56D008695CE /* LaunchScreen.storyboard in Resources */ = {isa = PBXBuildFile; fileRef = 63255FFC1ED3F56D008695CE /* LaunchScreen.storyboard */; };
		632560091ED3F56D008695CE /* TuneSearchTests.swift in Sources */ = {isa = PBXBuildFile; fileRef = 632560081ED3F56D008695CE /* TuneSearchTests.swift */; };
		632560141ED3F56D008695CE /* TuneSearchUITests.swift in Sources */ = {isa = PBXBuildFile; fileRef = 632560131ED3F56D008695CE /* TuneSearchUITests.swift */; };
		632560221ED3FA8E008695CE /* AppConstants.swift in Sources */ = {isa = PBXBuildFile; fileRef = 632560211ED3FA8E008695CE /* AppConstants.swift */; };
		632560241ED3FB8D008695CE /* HTTPGetRequest.swift in Sources */ = {isa = PBXBuildFile; fileRef = 632560231ED3FB8D008695CE /* HTTPGetRequest.swift */; };
		632560261ED4005A008695CE /* TrackTableViewCell.swift in Sources */ = {isa = PBXBuildFile; fileRef = 632560251ED4005A008695CE /* TrackTableViewCell.swift */; };
		632560281ED7238D008695CE /* placeholder.png in Resources */ = {isa = PBXBuildFile; fileRef = 632560271ED7238D008695CE /* placeholder.png */; };
/* End PBXBuildFile section */

/* Begin PBXContainerItemProxy section */
		632560051ED3F56D008695CE /* PBXContainerItemProxy */ = {
			isa = PBXContainerItemProxy;
			containerPortal = 63255FE31ED3F56D008695CE /* Project object */;
			proxyType = 1;
			remoteGlobalIDString = 63255FEA1ED3F56D008695CE;
			remoteInfo = TuneSearch;
		};
		632560101ED3F56D008695CE /* PBXContainerItemProxy */ = {
			isa = PBXContainerItemProxy;
			containerPortal = 63255FE31ED3F56D008695CE /* Project object */;
			proxyType = 1;
			remoteGlobalIDString = 63255FEA1ED3F56D008695CE;
			remoteInfo = TuneSearch;
		};
/* End PBXContainerItemProxy section */

/* Begin PBXFileReference section */
		63255FEB1ED3F56D008695CE /* TuneSearch.app */ = {isa = PBXFileReference; explicitFileType = wrapper.application; includeInIndex = 0; path = TuneSearch.app; sourceTree = BUILT_PRODUCTS_DIR; };
		63255FEE1ED3F56D008695CE /* AppDelegate.swift */ = {isa = PBXFileReference; lastKnownFileType = sourcecode.swift; path = AppDelegate.swift; sourceTree = "<group>"; };
		63255FF11ED3F56D008695CE /* TuneSearch.xcdatamodel */ = {isa = PBXFileReference; lastKnownFileType = wrapper.xcdatamodel; path = TuneSearch.xcdatamodel; sourceTree = "<group>"; };
		63255FF31ED3F56D008695CE /* MasterViewController.swift */ = {isa = PBXFileReference; lastKnownFileType = sourcecode.swift; path = MasterViewController.swift; sourceTree = "<group>"; };
		63255FF51ED3F56D008695CE /* DetailViewController.swift */ = {isa = PBXFileReference; lastKnownFileType = sourcecode.swift; path = DetailViewController.swift; sourceTree = "<group>"; };
		63255FF81ED3F56D008695CE /* Base */ = {isa = PBXFileReference; lastKnownFileType = file.storyboard; name = Base; path = Base.lproj/Main.storyboard; sourceTree = "<group>"; };
		63255FFA1ED3F56D008695CE /* Assets.xcassets */ = {isa = PBXFileReference; lastKnownFileType = folder.assetcatalog; path = Assets.xcassets; sourceTree = "<group>"; };
		63255FFD1ED3F56D008695CE /* Base */ = {isa = PBXFileReference; lastKnownFileType = file.storyboard; name = Base; path = Base.lproj/LaunchScreen.storyboard; sourceTree = "<group>"; };
		63255FFF1ED3F56D008695CE /* Info.plist */ = {isa = PBXFileReference; lastKnownFileType = text.plist.xml; path = Info.plist; sourceTree = "<group>"; };
		632560041ED3F56D008695CE /* TuneSearchTests.xctest */ = {isa = PBXFileReference; explicitFileType = wrapper.cfbundle; includeInIndex = 0; path = TuneSearchTests.xctest; sourceTree = BUILT_PRODUCTS_DIR; };
		632560081ED3F56D008695CE /* TuneSearchTests.swift */ = {isa = PBXFileReference; lastKnownFileType = sourcecode.swift; path = TuneSearchTests.swift; sourceTree = "<group>"; };
		6325600A1ED3F56D008695CE /* Info.plist */ = {isa = PBXFileReference; lastKnownFileType = text.plist.xml; path = Info.plist; sourceTree = "<group>"; };
		6325600F1ED3F56D008695CE /* TuneSearchUITests.xctest */ = {isa = PBXFileReference; explicitFileType = wrapper.cfbundle; includeInIndex = 0; path = TuneSearchUITests.xctest; sourceTree = BUILT_PRODUCTS_DIR; };
		632560131ED3F56D008695CE /* TuneSearchUITests.swift */ = {isa = PBXFileReference; lastKnownFileType = sourcecode.swift; path = TuneSearchUITests.swift; sourceTree = "<group>"; };
		632560151ED3F56D008695CE /* Info.plist */ = {isa = PBXFileReference; lastKnownFileType = text.plist.xml; path = Info.plist; sourceTree = "<group>"; };
		632560211ED3FA8E008695CE /* AppConstants.swift */ = {isa = PBXFileReference; fileEncoding = 4; lastKnownFileType = sourcecode.swift; path = AppConstants.swift; sourceTree = "<group>"; };
		632560231ED3FB8D008695CE /* HTTPGetRequest.swift */ = {isa = PBXFileReference; fileEncoding = 4; lastKnownFileType = sourcecode.swift; name = HTTPGetRequest.swift; path = ../HTTPGetRequest.swift; sourceTree = "<group>"; };
		632560251ED4005A008695CE /* TrackTableViewCell.swift */ = {isa = PBXFileReference; fileEncoding = 4; lastKnownFileType = sourcecode.swift; name = TrackTableViewCell.swift; path = ../TrackTableViewCell.swift; sourceTree = "<group>"; };
		632560271ED7238D008695CE /* placeholder.png */ = {isa = PBXFileReference; lastKnownFileType = image.png; path = placeholder.png; sourceTree = "<group>"; };
/* End PBXFileReference section */

/* Begin PBXFrameworksBuildPhase section */
		63255FE81ED3F56D008695CE /* Frameworks */ = {
			isa = PBXFrameworksBuildPhase;
			buildActionMask = 2147483647;
			files = (
			);
			runOnlyForDeploymentPostprocessing = 0;
		};
		632560011ED3F56D008695CE /* Frameworks */ = {
			isa = PBXFrameworksBuildPhase;
			buildActionMask = 2147483647;
			files = (
			);
			runOnlyForDeploymentPostprocessing = 0;
		};
		6325600C1ED3F56D008695CE /* Frameworks */ = {
			isa = PBXFrameworksBuildPhase;
			buildActionMask = 2147483647;
			files = (
			);
			runOnlyForDeploymentPostprocessing = 0;
		};
/* End PBXFrameworksBuildPhase section */

/* Begin PBXGroup section */
		63255FE21ED3F56D008695CE = {
			isa = PBXGroup;
			children = (
				63255FED1ED3F56D008695CE /* TuneSearch */,
				632560071ED3F56D008695CE /* TuneSearchTests */,
				632560121ED3F56D008695CE /* TuneSearchUITests */,
				63255FEC1ED3F56D008695CE /* Products */,
			);
			sourceTree = "<group>";
		};
		63255FEC1ED3F56D008695CE /* Products */ = {
			isa = PBXGroup;
			children = (
				63255FEB1ED3F56D008695CE /* TuneSearch.app */,
				632560041ED3F56D008695CE /* TuneSearchTests.xctest */,
				6325600F1ED3F56D008695CE /* TuneSearchUITests.xctest */,
			);
			name = Products;
			sourceTree = "<group>";
		};
		63255FED1ED3F56D008695CE /* TuneSearch */ = {
			isa = PBXGroup;
			children = (
				63255FF01ED3F56D008695CE /* TuneSearch.xcdatamodeld */,
				632560211ED3FA8E008695CE /* AppConstants.swift */,
				63255FEE1ED3F56D008695CE /* AppDelegate.swift */,
				632560251ED4005A008695CE /* TrackTableViewCell.swift */,
				632560231ED3FB8D008695CE /* HTTPGetRequest.swift */,
				63255FF31ED3F56D008695CE /* MasterViewController.swift */,
				63255FF51ED3F56D008695CE /* DetailViewController.swift */,
				63255FF71ED3F56D008695CE /* Main.storyboard */,
				63255FFA1ED3F56D008695CE /* Assets.xcassets */,
				632560271ED7238D008695CE /* placeholder.png */,
				63255FFC1ED3F56D008695CE /* LaunchScreen.storyboard */,
				63255FFF1ED3F56D008695CE /* Info.plist */,
			);
			path = TuneSearch;
			sourceTree = "<group>";
		};
		632560071ED3F56D008695CE /* TuneSearchTests */ = {
			isa = PBXGroup;
			children = (
				632560081ED3F56D008695CE /* TuneSearchTests.swift */,
				6325600A1ED3F56D008695CE /* Info.plist */,
			);
			path = TuneSearchTests;
			sourceTree = "<group>";
		};
		632560121ED3F56D008695CE /* TuneSearchUITests */ = {
			isa = PBXGroup;
			children = (
				632560131ED3F56D008695CE /* TuneSearchUITests.swift */,
				632560151ED3F56D008695CE /* Info.plist */,
			);
			path = TuneSearchUITests;
			sourceTree = "<group>";
		};
/* End PBXGroup section */

/* Begin PBXNativeTarget section */
		63255FEA1ED3F56D008695CE /* TuneSearch */ = {
			isa = PBXNativeTarget;
			buildConfigurationList = 632560181ED3F56D008695CE /* Build configuration list for PBXNativeTarget "TuneSearch" */;
			buildPhases = (
				63255FE71ED3F56D008695CE /* Sources */,
				63255FE81ED3F56D008695CE /* Frameworks */,
				63255FE91ED3F56D008695CE /* Resources */,
			);
			buildRules = (
			);
			dependencies = (
			);
			name = TuneSearch;
			productName = TuneSearch;
			productReference = 63255FEB1ED3F56D008695CE /* TuneSearch.app */;
			productType = "com.apple.product-type.application";
		};
		632560031ED3F56D008695CE /* TuneSearchTests */ = {
			isa = PBXNativeTarget;
			buildConfigurationList = 6325601B1ED3F56D008695CE /* Build configuration list for PBXNativeTarget "TuneSearchTests" */;
			buildPhases = (
				632560001ED3F56D008695CE /* Sources */,
				632560011ED3F56D008695CE /* Frameworks */,
				632560021ED3F56D008695CE /* Resources */,
			);
			buildRules = (
			);
			dependencies = (
				632560061ED3F56D008695CE /* PBXTargetDependency */,
			);
			name = TuneSearchTests;
			productName = TuneSearchTests;
			productReference = 632560041ED3F56D008695CE /* TuneSearchTests.xctest */;
			productType = "com.apple.product-type.bundle.unit-test";
		};
		6325600E1ED3F56D008695CE /* TuneSearchUITests */ = {
			isa = PBXNativeTarget;
			buildConfigurationList = 6325601E1ED3F56D008695CE /* Build configuration list for PBXNativeTarget "TuneSearchUITests" */;
			buildPhases = (
				6325600B1ED3F56D008695CE /* Sources */,
				6325600C1ED3F56D008695CE /* Frameworks */,
				6325600D1ED3F56D008695CE /* Resources */,
			);
			buildRules = (
			);
			dependencies = (
				632560111ED3F56D008695CE /* PBXTargetDependency */,
			);
			name = TuneSearchUITests;
			productName = TuneSearchUITests;
			productReference = 6325600F1ED3F56D008695CE /* TuneSearchUITests.xctest */;
			productType = "com.apple.product-type.bundle.ui-testing";
		};
/* End PBXNativeTarget section */

/* Begin PBXProject section */
		63255FE31ED3F56D008695CE /* Project object */ = {
			isa = PBXProject;
			attributes = {
				LastSwiftUpdateCheck = 0830;
				LastUpgradeCheck = 0830;
				ORGANIZATIONNAME = Tapinfuse;
				TargetAttributes = {
					63255FEA1ED3F56D008695CE = {
						CreatedOnToolsVersion = 8.3.2;
						DevelopmentTeam = DK89B3CEZ5;
						ProvisioningStyle = Automatic;
					};
					632560031ED3F56D008695CE = {
						CreatedOnToolsVersion = 8.3.2;
						DevelopmentTeam = DK89B3CEZ5;
						ProvisioningStyle = Automatic;
						TestTargetID = 63255FEA1ED3F56D008695CE;
					};
					6325600E1ED3F56D008695CE = {
						CreatedOnToolsVersion = 8.3.2;
						DevelopmentTeam = DK89B3CEZ5;
						ProvisioningStyle = Automatic;
						TestTargetID = 63255FEA1ED3F56D008695CE;
					};
				};
			};
			buildConfigurationList = 63255FE61ED3F56D008695CE /* Build configuration list for PBXProject "TuneSearch" */;
			compatibilityVersion = "Xcode 3.2";
			developmentRegion = English;
			hasScannedForEncodings = 0;
			knownRegions = (
				en,
				Base,
			);
			mainGroup = 63255FE21ED3F56D008695CE;
			productRefGroup = 63255FEC1ED3F56D008695CE /* Products */;
			projectDirPath = "";
			projectRoot = "";
			targets = (
				63255FEA1ED3F56D008695CE /* TuneSearch */,
				632560031ED3F56D008695CE /* TuneSearchTests */,
				6325600E1ED3F56D008695CE /* TuneSearchUITests */,
			);
		};
/* End PBXProject section */

/* Begin PBXResourcesBuildPhase section */
		63255FE91ED3F56D008695CE /* Resources */ = {
			isa = PBXResourcesBuildPhase;
			buildActionMask = 2147483647;
			files = (
				63255FFE1ED3F56D008695CE /* LaunchScreen.storyboard in Resources */,
				632560281ED7238D008695CE /* placeholder.png in Resources */,
				63255FFB1ED3F56D008695CE /* Assets.xcassets in Resources */,
				63255FF91ED3F56D008695CE /* Main.storyboard in Resources */,
			);
			runOnlyForDeploymentPostprocessing = 0;
		};
		632560021ED3F56D008695CE /* Resources */ = {
			isa = PBXResourcesBuildPhase;
			buildActionMask = 2147483647;
			files = (
			);
			runOnlyForDeploymentPostprocessing = 0;
		};
		6325600D1ED3F56D008695CE /* Resources */ = {
			isa = PBXResourcesBuildPhase;
			buildActionMask = 2147483647;
			files = (
			);
			runOnlyForDeploymentPostprocessing = 0;
		};
/* End PBXResourcesBuildPhase section */

/* Begin PBXSourcesBuildPhase section */
		63255FE71ED3F56D008695CE /* Sources */ = {
			isa = PBXSourcesBuildPhase;
			buildActionMask = 2147483647;
			files = (
				63255FF21ED3F56D008695CE /* TuneSearch.xcdatamodeld in Sources */,
				632560261ED4005A008695CE /* TrackTableViewCell.swift in Sources */,
				632560241ED3FB8D008695CE /* HTTPGetRequest.swift in Sources */,
				63255FEF1ED3F56D008695CE /* AppDelegate.swift in Sources */,
				63255FF41ED3F56D008695CE /* MasterViewController.swift in Sources */,
				63255FF61ED3F56D008695CE /* DetailViewController.swift in Sources */,
				632560221ED3FA8E008695CE /* AppConstants.swift in Sources */,
			);
			runOnlyForDeploymentPostprocessing = 0;
		};
		632560001ED3F56D008695CE /* Sources */ = {
			isa = PBXSourcesBuildPhase;
			buildActionMask = 2147483647;
			files = (
				632560091ED3F56D008695CE /* TuneSearchTests.swift in Sources */,
			);
			runOnlyForDeploymentPostprocessing = 0;
		};
		6325600B1ED3F56D008695CE /* Sources */ = {
			isa = PBXSourcesBuildPhase;
			buildActionMask = 2147483647;
			files = (
				632560141ED3F56D008695CE /* TuneSearchUITests.swift in Sources */,
			);
			runOnlyForDeploymentPostprocessing = 0;
		};
/* End PBXSourcesBuildPhase section */

/* Begin PBXTargetDependency section */
		632560061ED3F56D008695CE /* PBXTargetDependency */ = {
			isa = PBXTargetDependency;
			target = 63255FEA1ED3F56D008695CE /* TuneSearch */;
			targetProxy = 632560051ED3F56D008695CE /* PBXContainerItemProxy */;
		};
		632560111ED3F56D008695CE /* PBXTargetDependency */ = {
			isa = PBXTargetDependency;
			target = 63255FEA1ED3F56D008695CE /* TuneSearch */;
			targetProxy = 632560101ED3F56D008695CE /* PBXContainerItemProxy */;
		};
/* End PBXTargetDependency section */

/* Begin PBXVariantGroup section */
		63255FF71ED3F56D008695CE /* Main.storyboard */ = {
			isa = PBXVariantGroup;
			children = (
				63255FF81ED3F56D008695CE /* Base */,
			);
			name = Main.storyboard;
			sourceTree = "<group>";
		};
		63255FFC1ED3F56D008695CE /* LaunchScreen.storyboard */ = {
			isa = PBXVariantGroup;
			children = (
				63255FFD1ED3F56D008695CE /* Base */,
			);
			name = LaunchScreen.storyboard;
			sourceTree = "<group>";
		};
/* End PBXVariantGroup section */

/* Begin XCBuildConfiguration section */
		632560161ED3F56D008695CE /* Debug */ = {
			isa = XCBuildConfiguration;
			buildSettings = {
				ALWAYS_SEARCH_USER_PATHS = NO;
				CLANG_ANALYZER_NONNULL = YES;
				CLANG_ANALYZER_NUMBER_OBJECT_CONVERSION = YES_AGGRESSIVE;
				CLANG_CXX_LANGUAGE_STANDARD = "gnu++0x";
				CLANG_CXX_LIBRARY = "libc++";
				CLANG_ENABLE_MODULES = YES;
				CLANG_ENABLE_OBJC_ARC = YES;
				CLANG_WARN_BOOL_CONVERSION = YES;
				CLANG_WARN_CONSTANT_CONVERSION = YES;
				CLANG_WARN_DIRECT_OBJC_ISA_USAGE = YES_ERROR;
				CLANG_WARN_DOCUMENTATION_COMMENTS = YES;
				CLANG_WARN_EMPTY_BODY = YES;
				CLANG_WARN_ENUM_CONVERSION = YES;
				CLANG_WARN_INFINITE_RECURSION = YES;
				CLANG_WARN_INT_CONVERSION = YES;
				CLANG_WARN_OBJC_ROOT_CLASS = YES_ERROR;
				CLANG_WARN_SUSPICIOUS_MOVE = YES;
				CLANG_WARN_UNREACHABLE_CODE = YES;
				CLANG_WARN__DUPLICATE_METHOD_MATCH = YES;
				"CODE_SIGN_IDENTITY[sdk=iphoneos*]" = "iPhone Developer";
				COPY_PHASE_STRIP = NO;
				DEBUG_INFORMATION_FORMAT = dwarf;
				ENABLE_STRICT_OBJC_MSGSEND = YES;
				ENABLE_TESTABILITY = YES;
				GCC_C_LANGUAGE_STANDARD = gnu99;
				GCC_DYNAMIC_NO_PIC = NO;
				GCC_NO_COMMON_BLOCKS = YES;
				GCC_OPTIMIZATION_LEVEL = 0;
				GCC_PREPROCESSOR_DEFINITIONS = (
					"DEBUG=1",
					"$(inherited)",
				);
				GCC_WARN_64_TO_32_BIT_CONVERSION = YES;
				GCC_WARN_ABOUT_RETURN_TYPE = YES_ERROR;
				GCC_WARN_UNDECLARED_SELECTOR = YES;
				GCC_WARN_UNINITIALIZED_AUTOS = YES_AGGRESSIVE;
				GCC_WARN_UNUSED_FUNCTION = YES;
				GCC_WARN_UNUSED_VARIABLE = YES;
				IPHONEOS_DEPLOYMENT_TARGET = 10.3;
				MTL_ENABLE_DEBUG_INFO = YES;
				ONLY_ACTIVE_ARCH = YES;
				SDKROOT = iphoneos;
				SWIFT_ACTIVE_COMPILATION_CONDITIONS = DEBUG;
				SWIFT_OPTIMIZATION_LEVEL = "-Onone";
			};
			name = Debug;
		};
		632560171ED3F56D008695CE /* Release */ = {
			isa = XCBuildConfiguration;
			buildSettings = {
				ALWAYS_SEARCH_USER_PATHS = NO;
				CLANG_ANALYZER_NONNULL = YES;
				CLANG_ANALYZER_NUMBER_OBJECT_CONVERSION = YES_AGGRESSIVE;
				CLANG_CXX_LANGUAGE_STANDARD = "gnu++0x";
				CLANG_CXX_LIBRARY = "libc++";
				CLANG_ENABLE_MODULES = YES;
				CLANG_ENABLE_OBJC_ARC = YES;
				CLANG_WARN_BOOL_CONVERSION = YES;
				CLANG_WARN_CONSTANT_CONVERSION = YES;
				CLANG_WARN_DIRECT_OBJC_ISA_USAGE = YES_ERROR;
				CLANG_WARN_DOCUMENTATION_COMMENTS = YES;
				CLANG_WARN_EMPTY_BODY = YES;
				CLANG_WARN_ENUM_CONVERSION = YES;
				CLANG_WARN_INFINITE_RECURSION = YES;
				CLANG_WARN_INT_CONVERSION = YES;
				CLANG_WARN_OBJC_ROOT_CLASS = YES_ERROR;
				CLANG_WARN_SUSPICIOUS_MOVE = YES;
				CLANG_WARN_UNREACHABLE_CODE = YES;
				CLANG_WARN__DUPLICATE_METHOD_MATCH = YES;
				"CODE_SIGN_IDENTITY[sdk=iphoneos*]" = "iPhone Developer";
				COPY_PHASE_STRIP = NO;
				DEBUG_INFORMATION_FORMAT = "dwarf-with-dsym";
				ENABLE_NS_ASSERTIONS = NO;
				ENABLE_STRICT_OBJC_MSGSEND = YES;
				GCC_C_LANGUAGE_STANDARD = gnu99;
				GCC_NO_COMMON_BLOCKS = YES;
				GCC_WARN_64_TO_32_BIT_CONVERSION = YES;
				GCC_WARN_ABOUT_RETURN_TYPE = YES_ERROR;
				GCC_WARN_UNDECLARED_SELECTOR = YES;
				GCC_WARN_UNINITIALIZED_AUTOS = YES_AGGRESSIVE;
				GCC_WARN_UNUSED_FUNCTION = YES;
				GCC_WARN_UNUSED_VARIABLE = YES;
				IPHONEOS_DEPLOYMENT_TARGET = 10.3;
				MTL_ENABLE_DEBUG_INFO = NO;
				SDKROOT = iphoneos;
				SWIFT_OPTIMIZATION_LEVEL = "-Owholemodule";
				VALIDATE_PRODUCT = YES;
			};
			name = Release;
		};
		632560191ED3F56D008695CE /* Debug */ = {
			isa = XCBuildConfiguration;
			buildSettings = {
				ASSETCATALOG_COMPILER_APPICON_NAME = AppIcon;
				DEVELOPMENT_TEAM = DK89B3CEZ5;
				INFOPLIST_FILE = TuneSearch/Info.plist;
				IPHONEOS_DEPLOYMENT_TARGET = 10.3;
				LD_RUNPATH_SEARCH_PATHS = "$(inherited) @executable_path/Frameworks";
				PRODUCT_BUNDLE_IDENTIFIER = com.tapinfuse.TuneSearch;
				PRODUCT_NAME = "$(TARGET_NAME)";
				SWIFT_VERSION = 3.0;
				TARGETED_DEVICE_FAMILY = "1,2";
			};
			name = Debug;
		};
		6325601A1ED3F56D008695CE /* Release */ = {
			isa = XCBuildConfiguration;
			buildSettings = {
				ASSETCATALOG_COMPILER_APPICON_NAME = AppIcon;
				DEVELOPMENT_TEAM = DK89B3CEZ5;
				INFOPLIST_FILE = TuneSearch/Info.plist;
				IPHONEOS_DEPLOYMENT_TARGET = 10.3;
				LD_RUNPATH_SEARCH_PATHS = "$(inherited) @executable_path/Frameworks";
				PRODUCT_BUNDLE_IDENTIFIER = com.tapinfuse.TuneSearch;
				PRODUCT_NAME = "$(TARGET_NAME)";
				SWIFT_VERSION = 3.0;
				TARGETED_DEVICE_FAMILY = "1,2";
			};
			name = Release;
		};
		6325601C1ED3F56D008695CE /* Debug */ = {
			isa = XCBuildConfiguration;
			buildSettings = {
				ALWAYS_EMBED_SWIFT_STANDARD_LIBRARIES = YES;
				BUNDLE_LOADER = "$(TEST_HOST)";
				DEVELOPMENT_TEAM = DK89B3CEZ5;
				INFOPLIST_FILE = TuneSearchTests/Info.plist;
				LD_RUNPATH_SEARCH_PATHS = "$(inherited) @executable_path/Frameworks @loader_path/Frameworks";
				PRODUCT_BUNDLE_IDENTIFIER = com.tapinfuse.TuneSearchTests;
				PRODUCT_NAME = "$(TARGET_NAME)";
				SWIFT_VERSION = 3.0;
				TEST_HOST = "$(BUILT_PRODUCTS_DIR)/TuneSearch.app/TuneSearch";
			};
			name = Debug;
		};
		6325601D1ED3F56D008695CE /* Release */ = {
			isa = XCBuildConfiguration;
			buildSettings = {
				ALWAYS_EMBED_SWIFT_STANDARD_LIBRARIES = YES;
				BUNDLE_LOADER = "$(TEST_HOST)";
				DEVELOPMENT_TEAM = DK89B3CEZ5;
				INFOPLIST_FILE = TuneSearchTests/Info.plist;
				LD_RUNPATH_SEARCH_PATHS = "$(inherited) @executable_path/Frameworks @loader_path/Frameworks";
				PRODUCT_BUNDLE_IDENTIFIER = com.tapinfuse.TuneSearchTests;
				PRODUCT_NAME = "$(TARGET_NAME)";
				SWIFT_VERSION = 3.0;
				TEST_HOST = "$(BUILT_PRODUCTS_DIR)/TuneSearch.app/TuneSearch";
			};
			name = Release;
		};
		6325601F1ED3F56D008695CE /* Debug */ = {
			isa = XCBuildConfiguration;
			buildSettings = {
				ALWAYS_EMBED_SWIFT_STANDARD_LIBRARIES = YES;
				DEVELOPMENT_TEAM = DK89B3CEZ5;
				INFOPLIST_FILE = TuneSearchUITests/Info.plist;
				LD_RUNPATH_SEARCH_PATHS = "$(inherited) @executable_path/Frameworks @loader_path/Frameworks";
				PRODUCT_BUNDLE_IDENTIFIER = com.tapinfuse.TuneSearchUITests;
				PRODUCT_NAME = "$(TARGET_NAME)";
				SWIFT_VERSION = 3.0;
				TEST_TARGET_NAME = TuneSearch;
			};
			name = Debug;
		};
		632560201ED3F56D008695CE /* Release */ = {
			isa = XCBuildConfiguration;
			buildSettings = {
				ALWAYS_EMBED_SWIFT_STANDARD_LIBRARIES = YES;
				DEVELOPMENT_TEAM = DK89B3CEZ5;
				INFOPLIST_FILE = TuneSearchUITests/Info.plist;
				LD_RUNPATH_SEARCH_PATHS = "$(inherited) @executable_path/Frameworks @loader_path/Frameworks";
				PRODUCT_BUNDLE_IDENTIFIER = com.tapinfuse.TuneSearchUITests;
				PRODUCT_NAME = "$(TARGET_NAME)";
				SWIFT_VERSION = 3.0;
				TEST_TARGET_NAME = TuneSearch;
			};
			name = Release;
		};
/* End XCBuildConfiguration section */

/* Begin XCConfigurationList section */
		63255FE61ED3F56D008695CE /* Build configuration list for PBXProject "TuneSearch" */ = {
			isa = XCConfigurationList;
			buildConfigurations = (
				632560161ED3F56D008695CE /* Debug */,
				632560171ED3F56D008695CE /* Release */,
			);
			defaultConfigurationIsVisible = 0;
			defaultConfigurationName = Release;
		};
		632560181ED3F56D008695CE /* Build configuration list for PBXNativeTarget "TuneSearch" */ = {
			isa = XCConfigurationList;
			buildConfigurations = (
				632560191ED3F56D008695CE /* Debug */,
				6325601A1ED3F56D008695CE /* Release */,
			);
			defaultConfigurationIsVisible = 0;
			defaultConfigurationName = Release;
		};
		6325601B1ED3F56D008695CE /* Build configuration list for PBXNativeTarget "TuneSearchTests" */ = {
			isa = XCConfigurationList;
			buildConfigurations = (
				6325601C1ED3F56D008695CE /* Debug */,
				6325601D1ED3F56D008695CE /* Release */,
			);
			defaultConfigurationIsVisible = 0;
			defaultConfigurationName = Release;
		};
		6325601E1ED3F56D008695CE /* Build configuration list for PBXNativeTarget "TuneSearchUITests" */ = {
			isa = XCConfigurationList;
			buildConfigurations = (
				6325601F1ED3F56D008695CE /* Debug */,
				632560201ED3F56D008695CE /* Release */,
			);
			defaultConfigurationIsVisible = 0;
			defaultConfigurationName = Release;
		};
/* End XCConfigurationList section */

/* Begin XCVersionGroup section */
		63255FF01ED3F56D008695CE /* TuneSearch.xcdatamodeld */ = {
			isa = XCVersionGroup;
			children = (
				63255FF11ED3F56D008695CE /* TuneSearch.xcdatamodel */,
			);
			currentVersion = 63255FF11ED3F56D008695CE /* TuneSearch.xcdatamodel */;
			path = TuneSearch.xcdatamodeld;
			sourceTree = "<group>";
			versionGroupType = wrapper.xcdatamodel;
		};
/* End XCVersionGroup section */
	};
	rootObject = 63255FE31ED3F56D008695CE /* Project object */;
}
